{
  "name": "shenaichan.github.io",
  "lockfileVersion": 3,
  "requires": true,
  "packages": {
    "": {
      "dependencies": {
        "two.js": "^0.8.13"
      }
    },
    "node_modules/two.js": {
      "version": "0.8.13",
      "resolved": "https://registry.npmjs.org/two.js/-/two.js-0.8.13.tgz",
      "integrity": "sha512-/j14c9/dY3AIf2sgagrSd0EWzG66XAF/P4XDq690WkACSat1HB1PYNWJTkhRRuNrT+D+luPea3NsZWQH3ClLDA=="
    }
  }
}
